
Microsoft Visual Studio Solution File, Format Version 12.00
# Visual Studio Version 16
VisualStudioVersion = 16.0.31624.102
MinimumVisualStudioVersion = 10.0.40219.1
Project("{FAE04EC0-301F-11D3-BF4B-00C04F79EFBC}") = "FFXIVMountTracker.Android", "FFXIVMountTracker\FFXIVMountTracker.Android\FFXIVMountTracker.Android.csproj", "{EF41491C-7633-458E-929A-5C1E3AE311B4}"
EndProject
Project("{FAE04EC0-301F-11D3-BF4B-00C04F79EFBC}") = "FFXIVMountTracker.iOS", "FFXIVMountTracker\FFXIVMountTracker.iOS\FFXIVMountTracker.iOS.csproj", "{7B9164EC-E174-4561-A432-5A606B282868}"
EndProject
Project("{FAE04EC0-301F-11D3-BF4B-00C04F79EFBC}") = "FFXIVMountTracker", "FFXIVMountTracker\FFXIVMountTracker\FFXIVMountTracker.csproj", "{C85912EB-C136-4FB3-A2EA-D2D85F98AE0A}"
EndProject
Global
	GlobalSection(SolutionConfigurationPlatforms) = preSolution
		Debug|Any CPU = Debug|Any CPU
		Debug|iPhone = Debug|iPhone
		Debug|iPhoneSimulator = Debug|iPhoneSimulator
		Release|Any CPU = Release|Any CPU
		Release|iPhone = Release|iPhone
		Release|iPhoneSimulator = Release|iPhoneSimulator
	EndGlobalSection
	GlobalSection(ProjectConfigurationPlatforms) = postSolution
		{EF41491C-7633-458E-929A-5C1E3AE311B4}.Debug|Any CPU.ActiveCfg = Debug|Any CPU
		{EF41491C-7633-458E-929A-5C1E3AE311B4}.Debug|Any CPU.Build.0 = Debug|Any CPU
		{EF41491C-7633-458E-929A-5C1E3AE311B4}.Debug|Any CPU.Deploy.0 = Debug|Any CPU
		{EF41491C-7633-458E-929A-5C1E3AE311B4}.Debug|iPhone.ActiveCfg = Debug|Any CPU
		{EF41491C-7633-458E-929A-5C1E3AE311B4}.Debug|iPhone.Build.0 = Debug|Any CPU
		{EF41491C-7633-458E-929A-5C1E3AE311B4}.Debug|iPhone.Deploy.0 = Debug|Any CPU
		{EF41491C-7633-458E-929A-5C1E3AE311B4}.Debug|iPhoneSimulator.ActiveCfg = Debug|Any CPU
		{EF41491C-7633-458E-929A-5C1E3AE311B4}.Debug|iPhoneSimulator.Build.0 = Debug|Any CPU
		{EF41491C-7633-458E-929A-5C1E3AE311B4}.Debug|iPhoneSimulator.Deploy.0 = Debug|Any CPU
		{EF41491C-7633-458E-929A-5C1E3AE311B4}.Release|Any CPU.ActiveCfg = Release|Any CPU
		{EF41491C-7633-458E-929A-5C1E3AE311B4}.Release|Any CPU.Build.0 = Release|Any CPU
		{EF41491C-7633-458E-929A-5C1E3AE311B4}.Release|Any CPU.Deploy.0 = Release|Any CPU
		{EF41491C-7633-458E-929A-5C1E3AE311B4}.Release|iPhone.ActiveCfg = Release|Any CPU
		{EF41491C-7633-458E-929A-5C1E3AE311B4}.Release|iPhone.Build.0 = Release|Any CPU
		{EF41491C-7633-458E-929A-5C1E3AE311B4}.Release|iPhone.Deploy.0 = Release|Any CPU
		{EF41491C-7633-458E-929A-5C1E3AE311B4}.Release|iPhoneSimulator.ActiveCfg = Release|Any CPU
		{EF41491C-7633-458E-929A-5C1E3AE311B4}.Release|iPhoneSimulator.Build.0 = Release|Any CPU
		{EF41491C-7633-458E-929A-5C1E3AE311B4}.Release|iPhoneSimulator.Deploy.0 = Release|Any CPU
		{7B9164EC-E174-4561-A432-5A606B282868}.Debug|Any CPU.ActiveCfg = Debug|iPhone
		{7B9164EC-E174-4561-A432-5A606B282868}.Debug|Any CPU.Build.0 = Debug|iPhone
		{7B9164EC-E174-4561-A432-5A606B282868}.Debug|Any CPU.Deploy.0 = Debug|iPhone
		{7B9164EC-E174-4561-A432-5A606B282868}.Debug|iPhone.ActiveCfg = Debug|iPhone
		{7B9164EC-E174-4561-A432-5A606B282868}.Debug|iPhone.Build.0 = Debug|iPhone
		{7B9164EC-E174-4561-A432-5A606B282868}.Debug|iPhone.Deploy.0 = Debug|iPhone
		{7B9164EC-E174-4561-A432-5A606B282868}.Debug|iPhoneSimulator.ActiveCfg = Debug|iPhoneSimulator
		{7B9164EC-E174-4561-A432-5A606B282868}.Debug|iPhoneSimulator.Build.0 = Debug|iPhoneSimulator
		{7B9164EC-E174-4561-A432-5A606B282868}.Debug|iPhoneSimulator.Deploy.0 = Debug|iPhoneSimulator
		{7B9164EC-E174-4561-A432-5A606B282868}.Release|Any CPU.ActiveCfg = Release|iPhoneSimulator
		{7B9164EC-E174-4561-A432-5A606B282868}.Release|Any CPU.Build.0 = Release|iPhoneSimulator
		{7B9164EC-E174-4561-A432-5A606B282868}.Release|Any CPU.Deploy.0 = Release|iPhoneSimulator
		{7B9164EC-E174-4561-A432-5A606B282868}.Release|iPhone.ActiveCfg = Release|iPhone
		{7B9164EC-E174-4561-A432-5A606B282868}.Release|iPhone.Build.0 = Release|iPhone
		{7B9164EC-E174-4561-A432-5A606B282868}.Release|iPhone.Deploy.0 = Release|iPhone
		{7B9164EC-E174-4561-A432-5A606B282868}.Release|iPhoneSimulator.ActiveCfg = Release|iPhoneSimulator
		{7B9164EC-E174-4561-A432-5A606B282868}.Release|iPhoneSimulator.Build.0 = Release|iPhoneSimulator
		{7B9164EC-E174-4561-A432-5A606B282868}.Release|iPhoneSimulator.Deploy.0 = Release|iPhoneSimulator
		{C85912EB-C136-4FB3-A2EA-D2D85F98AE0A}.Debug|Any CPU.ActiveCfg = Debug|Any CPU
		{C85912EB-C136-4FB3-A2EA-D2D85F98AE0A}.Debug|Any CPU.Build.0 = Debug|Any CPU
		{C85912EB-C136-4FB3-A2EA-D2D85F98AE0A}.Debug|Any CPU.Deploy.0 = Debug|Any CPU
		{C85912EB-C136-4FB3-A2EA-D2D85F98AE0A}.Debug|iPhone.ActiveCfg = Debug|Any CPU
		{C85912EB-C136-4FB3-A2EA-D2D85F98AE0A}.Debug|iPhone.Build.0 = Debug|Any CPU
		{C85912EB-C136-4FB3-A2EA-D2D85F98AE0A}.Debug|iPhone.Deploy.0 = Debug|Any CPU
		{C85912EB-C136-4FB3-A2EA-D2D85F98AE0A}.Debug|iPhoneSimulator.ActiveCfg = Debug|Any CPU
		{C85912EB-C136-4FB3-A2EA-D2D85F98AE0A}.Debug|iPhoneSimulator.Build.0 = Debug|Any CPU
		{C85912EB-C136-4FB3-A2EA-D2D85F98AE0A}.Debug|iPhoneSimulator.Deploy.0 = Debug|Any CPU
		{C85912EB-C136-4FB3-A2EA-D2D85F98AE0A}.Release|Any CPU.ActiveCfg = Release|Any CPU
		{C85912EB-C136-4FB3-A2EA-D2D85F98AE0A}.Release|Any CPU.Build.0 = Release|Any CPU
		{C85912EB-C136-4FB3-A2EA-D2D85F98AE0A}.Release|Any CPU.Deploy.0 = Release|Any CPU
		{C85912EB-C136-4FB3-A2EA-D2D85F98AE0A}.Release|iPhone.ActiveCfg = Release|Any CPU
		{C85912EB-C136-4FB3-A2EA-D2D85F98AE0A}.Release|iPhone.Build.0 = Release|Any CPU
		{C85912EB-C136-4FB3-A2EA-D2D85F98AE0A}.Release|iPhone.Deploy.0 = Release|Any CPU
		{C85912EB-C136-4FB3-A2EA-D2D85F98AE0A}.Release|iPhoneSimulator.ActiveCfg = Release|Any CPU
		{C85912EB-C136-4FB3-A2EA-D2D85F98AE0A}.Release|iPhoneSimulator.Build.0 = Release|Any CPU
		{C85912EB-C136-4FB3-A2EA-D2D85F98AE0A}.Release|iPhoneSimulator.Deploy.0 = Release|Any CPU
	EndGlobalSection
	GlobalSection(SolutionProperties) = preSolution
		HideSolutionNode = FALSE
	EndGlobalSection
	GlobalSection(ExtensibilityGlobals) = postSolution
		SolutionGuid = {597BCA31-A7BC-4482-BBEE-F601318DA691}
	EndGlobalSection
EndGlobal
